<Solution>
  <Folder Name="/src/">
    <Project Path="src/AiHarnessDemo.Core/AiHarnessDemo.Core.csproj" />
    <Project Path="src/AiHarnessDemo/AiHarnessDemo.csproj" />
  </Folder>
  <Folder Name="/tests/">
    <Project Path="tests/AiHarnessDemo.Tests/AiHarnessDemo.Tests.csproj" />
  </Folder>
</Solution>
